<?xml version="1.0" encoding="utf-8"?>
<Project ToolsVersion="4.0" xmlns="http://schemas.microsoft.com/developer/msbuild/2003">
  <ItemGroup>
    <Filter Include="Source Files">
      <UniqueIdentifier>{4FC737F1-C7A5-4376-A066-2A32D752A2FF}</UniqueIdentifier>
      <Extensions>cpp;c;cc;cxx;c++;cppm;ixx;def;odl;idl;hpj;bat;asm;asmx</Extensions>
    </Filter>
    <Filter Include="Source Files\Hollow Knight">
      <UniqueIdentifier>{0020903b-6151-4551-b3d1-c730c6fa242a}</UniqueIdentifier>
    </Filter>
  </ItemGroup>
  <ItemGroup>
    <Text Include="LICENSE.txt" />
    <Text Include="Mapas\MapaTeste.txt" />
  </ItemGroup>
  <ItemGroup>
    <None Include=".gitattributes" />
    <None Include=".gitignore" />
  </ItemGroup>
  <ItemGroup>
    <ClCompile Include="Projeto\main.cpp">
      <Filter>Source Files</Filter>
    </ClCompile>
    <ClCompile Include="Projeto\Funcoes\funcoes.cpp">
      <Filter>Source Files</Filter>
    </ClCompile>
    <ClCompile Include="Projeto\Estruturas\estruturas.cpp">
      <Filter>Source Files</Filter>
    </ClCompile>
  </ItemGroup>
  <ItemGroup>
    <ClInclude Include="Projeto\Funcoes\funcoes.h" />
    <ClInclude Include="Projeto\Estruturas\estruturas.h" />
  </ItemGroup>
  <ItemGroup>
    <Image Include="Texturas\Personagem\Personagem1.png" />
  </ItemGroup>
</Project>